
Microsoft Visual Studio Solution File, Format Version 12.00
# Visual Studio Version 17
VisualStudioVersion = 17.9.34701.34
MinimumVisualStudioVersion = 10.0.40219.1
Project("{FAE04EC0-301F-11D3-BF4B-00C04F79EFBC}") = "Mission10API", "Mission10API.csproj", "{6F26184D-B263-4594-8BE6-23E16BB2B133}"
EndProject
Global
	GlobalSection(SolutionConfigurationPlatforms) = preSolution
		Debug|Any CPU = Debug|Any CPU
		Release|Any CPU = Release|Any CPU
	EndGlobalSection
	GlobalSection(ProjectConfigurationPlatforms) = postSolution
		{6F26184D-B263-4594-8BE6-23E16BB2B133}.Debug|Any CPU.ActiveCfg = Debug|Any CPU
		{6F26184D-B263-4594-8BE6-23E16BB2B133}.Debug|Any CPU.Build.0 = Debug|Any CPU
		{6F26184D-B263-4594-8BE6-23E16BB2B133}.Release|Any CPU.ActiveCfg = Release|Any CPU
		{6F26184D-B263-4594-8BE6-23E16BB2B133}.Release|Any CPU.Build.0 = Release|Any CPU
	EndGlobalSection
	GlobalSection(SolutionProperties) = preSolution
		HideSolutionNode = FALSE
	EndGlobalSection
	GlobalSection(ExtensibilityGlobals) = postSolution
		SolutionGuid = {5DC0DDC5-A297-4B2A-A010-B169FFBE7B93}
	EndGlobalSection
EndGlobal
